{
  "name": "command-handler-template",
  "version": "v6.6.0-beta",
  "lockfileVersion": 2,
  "requires": true,
  "packages": {
    "": {
      "name": "command-handler-template",
      "version": "v6.6.0-beta",
      "license": "ISC",
      "dependencies": {
        "ascii-table": "^0.0.9"
      },
      "engines": {
        "node": ">=16.6.0",
        "npm": ">=7.20.0"
      }
    },
    "node_modules/ascii-table": {
      "version": "0.0.9",
      "resolved": "https://registry.npmjs.org/ascii-table/-/ascii-table-0.0.9.tgz",
      "integrity": "sha1-BqZgTWpV1L9BqaR9mHLXp42jHnM="
    }
  },
  "dependencies": {
    "ascii-table": {
      "version": "0.0.9",
      "resolved": "https://registry.npmjs.org/ascii-table/-/ascii-table-0.0.9.tgz",
      "integrity": "sha1-BqZgTWpV1L9BqaR9mHLXp42jHnM="
    }
  }
}
